<?xml version="1.0" encoding="utf-8"?>
<Project ToolsVersion="4.0" xmlns="http://schemas.microsoft.com/developer/msbuild/2003">
  <ItemGroup>
    <ClCompile Include="main.cpp" />
    <ClCompile Include="cadts.cpp" />
    <ClCompile Include="csdl2_play_aac.cpp" />
    <ClCompile Include="csdl2_play_pcm.cpp" />
  </ItemGroup>
  <ItemGroup>
    <ClInclude Include="cadts.h" />
    <ClInclude Include="csdl2_play_aac.h" />
    <ClInclude Include="csdl2_play_pcm.h" />
  </ItemGroup>
</Project>