<?xml version="1.0" encoding="utf-8"?>
<Project ToolsVersion="4.0" xmlns="http://schemas.microsoft.com/developer/msbuild/2003">
  <ItemGroup>
    <ClCompile Include="main.cpp" />
    <ClCompile Include="cnv_encode.c" />
    <ClCompile Include="cavc.c" />
    <ClCompile Include="cnv_encode_helpers.c" />
    <ClCompile Include="cdxgi_output_duplication.cpp" />
    <ClCompile Include="cdda_impl.cpp" />
    <ClCompile Include="bmem.c" />
  </ItemGroup>
  <ItemGroup>
    <ClInclude Include="nvEncodeAPI.h" />
    <ClInclude Include="cnv_encode.h" />
    <ClInclude Include="cnv_encode_helpers.h" />
    <ClInclude Include="cavc.h" />
    <ClInclude Include="darray.h" />
    <ClInclude Include="circlebuf.h" />
    <ClInclude Include="cdxgi_output_duplication.h" />
    <ClInclude Include="cdda_impl.h" />
    <ClInclude Include="bmem.h" />
  </ItemGroup>
</Project>